// !$*UTF8*$!
{
	archiveVersion = 1;
	classes = {
	};
	objectVersion = 55;
	objects = {

/* Begin PBXBuildFile section */
		340989F828700EB300548CB9 /* codepath_ucsbApp.swift in Sources */ = {isa = PBXBuildFile; fileRef = 340989F728700EB300548CB9 /* codepath_ucsbApp.swift */; };
		340989FA28700EB300548CB9 /* ContentView.swift in Sources */ = {isa = PBXBuildFile; fileRef = 340989F928700EB300548CB9 /* ContentView.swift */; };
		340989FC28700EB400548CB9 /* Assets.xcassets in Resources */ = {isa = PBXBuildFile; fileRef = 340989FB28700EB400548CB9 /* Assets.xcassets */; };
		340989FF28700EB400548CB9 /* Preview Assets.xcassets in Resources */ = {isa = PBXBuildFile; fileRef = 340989FE28700EB400548CB9 /* Preview Assets.xcassets */; };
		34098A0928700EB400548CB9 /* codepath_ucsbTests.swift in Sources */ = {isa = PBXBuildFile; fileRef = 34098A0828700EB400548CB9 /* codepath_ucsbTests.swift */; };
		34098A1328700EB400548CB9 /* codepath_ucsbUITests.swift in Sources */ = {isa = PBXBuildFile; fileRef = 34098A1228700EB400548CB9 /* codepath_ucsbUITests.swift */; };
		34098A1528700EB400548CB9 /* codepath_ucsbUITestsLaunchTests.swift in Sources */ = {isa = PBXBuildFile; fileRef = 34098A1428700EB400548CB9 /* codepath_ucsbUITestsLaunchTests.swift */; };
		34098A25287011FE00548CB9 /* Home.swift in Sources */ = {isa = PBXBuildFile; fileRef = 34098A24287011FE00548CB9 /* Home.swift */; };
		34098A272870207C00548CB9 /* Nav.swift in Sources */ = {isa = PBXBuildFile; fileRef = 34098A262870207C00548CB9 /* Nav.swift */; };
		34098A2928702CBC00548CB9 /* About.swift in Sources */ = {isa = PBXBuildFile; fileRef = 34098A2828702CBC00548CB9 /* About.swift */; };
		34098A2B28702D9D00548CB9 /* Resources.swift in Sources */ = {isa = PBXBuildFile; fileRef = 34098A2A28702D9D00548CB9 /* Resources.swift */; };
		57EDAF7F04529D3D93BFFBE9 /* Pods_codepath_ucsb_codepath_ucsbUITests.framework in Frameworks */ = {isa = PBXBuildFile; fileRef = BB10949BA1112981BD53217E /* Pods_codepath_ucsb_codepath_ucsbUITests.framework */; };
		5899B5F1BC383D713B36EEF5 /* Pods_codepath_ucsb.framework in Frameworks */ = {isa = PBXBuildFile; fileRef = 31FF15C5DB22C4C00251179B /* Pods_codepath_ucsb.framework */; };
		B4A28436BD0B9A1700A829DE /* Pods_codepath_ucsbTests.framework in Frameworks */ = {isa = PBXBuildFile; fileRef = 2F7DF7FF7A08243957C5B7CC /* Pods_codepath_ucsbTests.framework */; };
/* End PBXBuildFile section */

/* Begin PBXContainerItemProxy section */
		34098A0528700EB400548CB9 /* PBXContainerItemProxy */ = {
			isa = PBXContainerItemProxy;
			containerPortal = 340989EC28700EB300548CB9 /* Project object */;
			proxyType = 1;
			remoteGlobalIDString = 340989F328700EB300548CB9;
			remoteInfo = "codepath@ucsb";
		};
		34098A0F28700EB400548CB9 /* PBXContainerItemProxy */ = {
			isa = PBXContainerItemProxy;
			containerPortal = 340989EC28700EB300548CB9 /* Project object */;
			proxyType = 1;
			remoteGlobalIDString = 340989F328700EB300548CB9;
			remoteInfo = "codepath@ucsb";
		};
/* End PBXContainerItemProxy section */

/* Begin PBXFileReference section */
		212A5164246A072ACF13BC4B /* Pods-codepath@ucsb-codepath@ucsbUITests.debug.xcconfig */ = {isa = PBXFileReference; includeInIndex = 1; lastKnownFileType = text.xcconfig; name = "Pods-codepath@ucsb-codepath@ucsbUITests.debug.xcconfig"; path = "Target Support Files/Pods-codepath@ucsb-codepath@ucsbUITests/Pods-codepath@ucsb-codepath@ucsbUITests.debug.xcconfig"; sourceTree = "<group>"; };
		2F7DF7FF7A08243957C5B7CC /* Pods_codepath_ucsbTests.framework */ = {isa = PBXFileReference; explicitFileType = wrapper.framework; includeInIndex = 0; path = Pods_codepath_ucsbTests.framework; sourceTree = BUILT_PRODUCTS_DIR; };
		31FF15C5DB22C4C00251179B /* Pods_codepath_ucsb.framework */ = {isa = PBXFileReference; explicitFileType = wrapper.framework; includeInIndex = 0; path = Pods_codepath_ucsb.framework; sourceTree = BUILT_PRODUCTS_DIR; };
		340989F428700EB300548CB9 /* codepath@ucsb.app */ = {isa = PBXFileReference; explicitFileType = wrapper.application; includeInIndex = 0; path = "codepath@ucsb.app"; sourceTree = BUILT_PRODUCTS_DIR; };
		340989F728700EB300548CB9 /* codepath_ucsbApp.swift */ = {isa = PBXFileReference; lastKnownFileType = sourcecode.swift; path = codepath_ucsbApp.swift; sourceTree = "<group>"; };
		340989F928700EB300548CB9 /* ContentView.swift */ = {isa = PBXFileReference; lastKnownFileType = sourcecode.swift; path = ContentView.swift; sourceTree = "<group>"; };
		340989FB28700EB400548CB9 /* Assets.xcassets */ = {isa = PBXFileReference; lastKnownFileType = folder.assetcatalog; path = Assets.xcassets; sourceTree = "<group>"; };
		340989FE28700EB400548CB9 /* Preview Assets.xcassets */ = {isa = PBXFileReference; lastKnownFileType = folder.assetcatalog; path = "Preview Assets.xcassets"; sourceTree = "<group>"; };
		34098A0428700EB400548CB9 /* codepath@ucsbTests.xctest */ = {isa = PBXFileReference; explicitFileType = wrapper.cfbundle; includeInIndex = 0; path = "codepath@ucsbTests.xctest"; sourceTree = BUILT_PRODUCTS_DIR; };
		34098A0828700EB400548CB9 /* codepath_ucsbTests.swift */ = {isa = PBXFileReference; lastKnownFileType = sourcecode.swift; path = codepath_ucsbTests.swift; sourceTree = "<group>"; };
		34098A0E28700EB400548CB9 /* codepath@ucsbUITests.xctest */ = {isa = PBXFileReference; explicitFileType = wrapper.cfbundle; includeInIndex = 0; path = "codepath@ucsbUITests.xctest"; sourceTree = BUILT_PRODUCTS_DIR; };
		34098A1228700EB400548CB9 /* codepath_ucsbUITests.swift */ = {isa = PBXFileReference; lastKnownFileType = sourcecode.swift; path = codepath_ucsbUITests.swift; sourceTree = "<group>"; };
		34098A1428700EB400548CB9 /* codepath_ucsbUITestsLaunchTests.swift */ = {isa = PBXFileReference; lastKnownFileType = sourcecode.swift; path = codepath_ucsbUITestsLaunchTests.swift; sourceTree = "<group>"; };
		34098A24287011FE00548CB9 /* Home.swift */ = {isa = PBXFileReference; lastKnownFileType = sourcecode.swift; path = Home.swift; sourceTree = "<group>"; };
		34098A262870207C00548CB9 /* Nav.swift */ = {isa = PBXFileReference; lastKnownFileType = sourcecode.swift; path = Nav.swift; sourceTree = "<group>"; };
		34098A2828702CBC00548CB9 /* About.swift */ = {isa = PBXFileReference; lastKnownFileType = sourcecode.swift; path = About.swift; sourceTree = "<group>"; };
		34098A2A28702D9D00548CB9 /* Resources.swift */ = {isa = PBXFileReference; lastKnownFileType = sourcecode.swift; path = Resources.swift; sourceTree = "<group>"; };
		63EE73D66BBE231A69BB501E /* Pods-codepath@ucsb.debug.xcconfig */ = {isa = PBXFileReference; includeInIndex = 1; lastKnownFileType = text.xcconfig; name = "Pods-codepath@ucsb.debug.xcconfig"; path = "Target Support Files/Pods-codepath@ucsb/Pods-codepath@ucsb.debug.xcconfig"; sourceTree = "<group>"; };
		841E911E03665ECC98BF77D3 /* Pods-codepath@ucsb.release.xcconfig */ = {isa = PBXFileReference; includeInIndex = 1; lastKnownFileType = text.xcconfig; name = "Pods-codepath@ucsb.release.xcconfig"; path = "Target Support Files/Pods-codepath@ucsb/Pods-codepath@ucsb.release.xcconfig"; sourceTree = "<group>"; };
		899ABBFFD8549F2E23E6A1E9 /* Pods-codepath@ucsbTests.release.xcconfig */ = {isa = PBXFileReference; includeInIndex = 1; lastKnownFileType = text.xcconfig; name = "Pods-codepath@ucsbTests.release.xcconfig"; path = "Target Support Files/Pods-codepath@ucsbTests/Pods-codepath@ucsbTests.release.xcconfig"; sourceTree = "<group>"; };
		BB10949BA1112981BD53217E /* Pods_codepath_ucsb_codepath_ucsbUITests.framework */ = {isa = PBXFileReference; explicitFileType = wrapper.framework; includeInIndex = 0; path = Pods_codepath_ucsb_codepath_ucsbUITests.framework; sourceTree = BUILT_PRODUCTS_DIR; };
		DC2B9069771B113F5527A46D /* Pods-codepath@ucsb-codepath@ucsbUITests.release.xcconfig */ = {isa = PBXFileReference; includeInIndex = 1; lastKnownFileType = text.xcconfig; name = "Pods-codepath@ucsb-codepath@ucsbUITests.release.xcconfig"; path = "Target Support Files/Pods-codepath@ucsb-codepath@ucsbUITests/Pods-codepath@ucsb-codepath@ucsbUITests.release.xcconfig"; sourceTree = "<group>"; };
		DC72F8888AE6ED0BCCD173AF /* Pods-codepath@ucsbTests.debug.xcconfig */ = {isa = PBXFileReference; includeInIndex = 1; lastKnownFileType = text.xcconfig; name = "Pods-codepath@ucsbTests.debug.xcconfig"; path = "Target Support Files/Pods-codepath@ucsbTests/Pods-codepath@ucsbTests.debug.xcconfig"; sourceTree = "<group>"; };
/* End PBXFileReference section */

/* Begin PBXFrameworksBuildPhase section */
		340989F128700EB300548CB9 /* Frameworks */ = {
			isa = PBXFrameworksBuildPhase;
			buildActionMask = 2147483647;
			files = (
				5899B5F1BC383D713B36EEF5 /* Pods_codepath_ucsb.framework in Frameworks */,
			);
			runOnlyForDeploymentPostprocessing = 0;
		};
		34098A0128700EB400548CB9 /* Frameworks */ = {
			isa = PBXFrameworksBuildPhase;
			buildActionMask = 2147483647;
			files = (
				B4A28436BD0B9A1700A829DE /* Pods_codepath_ucsbTests.framework in Frameworks */,
			);
			runOnlyForDeploymentPostprocessing = 0;
		};
		34098A0B28700EB400548CB9 /* Frameworks */ = {
			isa = PBXFrameworksBuildPhase;
			buildActionMask = 2147483647;
			files = (
				57EDAF7F04529D3D93BFFBE9 /* Pods_codepath_ucsb_codepath_ucsbUITests.framework in Frameworks */,
			);
			runOnlyForDeploymentPostprocessing = 0;
		};
/* End PBXFrameworksBuildPhase section */

/* Begin PBXGroup section */
		158937307B782E37D16F64E7 /* Frameworks */ = {
			isa = PBXGroup;
			children = (
				31FF15C5DB22C4C00251179B /* Pods_codepath_ucsb.framework */,
				BB10949BA1112981BD53217E /* Pods_codepath_ucsb_codepath_ucsbUITests.framework */,
				2F7DF7FF7A08243957C5B7CC /* Pods_codepath_ucsbTests.framework */,
			);
			name = Frameworks;
			sourceTree = "<group>";
		};
		340989EB28700EB300548CB9 = {
			isa = PBXGroup;
			children = (
				340989F628700EB300548CB9 /* codepath@ucsb */,
				34098A0728700EB400548CB9 /* codepath@ucsbTests */,
				34098A1128700EB400548CB9 /* codepath@ucsbUITests */,
				340989F528700EB300548CB9 /* Products */,
				F141DDC8EFF1ECFF4F0A690B /* Pods */,
				158937307B782E37D16F64E7 /* Frameworks */,
			);
			sourceTree = "<group>";
		};
		340989F528700EB300548CB9 /* Products */ = {
			isa = PBXGroup;
			children = (
				340989F428700EB300548CB9 /* codepath@ucsb.app */,
				34098A0428700EB400548CB9 /* codepath@ucsbTests.xctest */,
				34098A0E28700EB400548CB9 /* codepath@ucsbUITests.xctest */,
			);
			name = Products;
			sourceTree = "<group>";
		};
		340989F628700EB300548CB9 /* codepath@ucsb */ = {
			isa = PBXGroup;
			children = (
				34098A21287011CF00548CB9 /* View */,
				340989F728700EB300548CB9 /* codepath_ucsbApp.swift */,
				340989F928700EB300548CB9 /* ContentView.swift */,
				340989FB28700EB400548CB9 /* Assets.xcassets */,
				340989FD28700EB400548CB9 /* Preview Content */,
			);
			path = "codepath@ucsb";
			sourceTree = "<group>";
		};
		340989FD28700EB400548CB9 /* Preview Content */ = {
			isa = PBXGroup;
			children = (
				340989FE28700EB400548CB9 /* Preview Assets.xcassets */,
			);
			path = "Preview Content";
			sourceTree = "<group>";
		};
		34098A0728700EB400548CB9 /* codepath@ucsbTests */ = {
			isa = PBXGroup;
			children = (
				34098A0828700EB400548CB9 /* codepath_ucsbTests.swift */,
			);
			path = "codepath@ucsbTests";
			sourceTree = "<group>";
		};
		34098A1128700EB400548CB9 /* codepath@ucsbUITests */ = {
			isa = PBXGroup;
			children = (
				34098A1228700EB400548CB9 /* codepath_ucsbUITests.swift */,
				34098A1428700EB400548CB9 /* codepath_ucsbUITestsLaunchTests.swift */,
			);
			path = "codepath@ucsbUITests";
			sourceTree = "<group>";
		};
		34098A21287011CF00548CB9 /* View */ = {
			isa = PBXGroup;
			children = (
				34098A24287011FE00548CB9 /* Home.swift */,
				34098A262870207C00548CB9 /* Nav.swift */,
				34098A2828702CBC00548CB9 /* About.swift */,
				34098A2A28702D9D00548CB9 /* Resources.swift */,
			);
			path = View;
			sourceTree = "<group>";
		};
		F141DDC8EFF1ECFF4F0A690B /* Pods */ = {
			isa = PBXGroup;
			children = (
				63EE73D66BBE231A69BB501E /* Pods-codepath@ucsb.debug.xcconfig */,
				841E911E03665ECC98BF77D3 /* Pods-codepath@ucsb.release.xcconfig */,
				212A5164246A072ACF13BC4B /* Pods-codepath@ucsb-codepath@ucsbUITests.debug.xcconfig */,
				DC2B9069771B113F5527A46D /* Pods-codepath@ucsb-codepath@ucsbUITests.release.xcconfig */,
				DC72F8888AE6ED0BCCD173AF /* Pods-codepath@ucsbTests.debug.xcconfig */,
				899ABBFFD8549F2E23E6A1E9 /* Pods-codepath@ucsbTests.release.xcconfig */,
			);
			path = Pods;
			sourceTree = "<group>";
		};
/* End PBXGroup section */

/* Begin PBXNativeTarget section */
		340989F328700EB300548CB9 /* codepath@ucsb */ = {
			isa = PBXNativeTarget;
			buildConfigurationList = 34098A1828700EB400548CB9 /* Build configuration list for PBXNativeTarget "codepath@ucsb" */;
			buildPhases = (
				BC5A6C2D00E130B21DA4A202 /* [CP] Check Pods Manifest.lock */,
				340989F028700EB300548CB9 /* Sources */,
				340989F128700EB300548CB9 /* Frameworks */,
				340989F228700EB300548CB9 /* Resources */,
				B1E1F1C61F38DC328326C300 /* [CP] Embed Pods Frameworks */,
			);
			buildRules = (
			);
			dependencies = (
			);
			name = "codepath@ucsb";
			productName = "codepath@ucsb";
			productReference = 340989F428700EB300548CB9 /* codepath@ucsb.app */;
			productType = "com.apple.product-type.application";
		};
		34098A0328700EB400548CB9 /* codepath@ucsbTests */ = {
			isa = PBXNativeTarget;
			buildConfigurationList = 34098A1B28700EB400548CB9 /* Build configuration list for PBXNativeTarget "codepath@ucsbTests" */;
			buildPhases = (
				C7B58BAD464043DD95669FFC /* [CP] Check Pods Manifest.lock */,
				34098A0028700EB400548CB9 /* Sources */,
				34098A0128700EB400548CB9 /* Frameworks */,
				34098A0228700EB400548CB9 /* Resources */,
			);
			buildRules = (
			);
			dependencies = (
				34098A0628700EB400548CB9 /* PBXTargetDependency */,
			);
			name = "codepath@ucsbTests";
			productName = "codepath@ucsbTests";
			productReference = 34098A0428700EB400548CB9 /* codepath@ucsbTests.xctest */;
			productType = "com.apple.product-type.bundle.unit-test";
		};
		34098A0D28700EB400548CB9 /* codepath@ucsbUITests */ = {
			isa = PBXNativeTarget;
			buildConfigurationList = 34098A1E28700EB400548CB9 /* Build configuration list for PBXNativeTarget "codepath@ucsbUITests" */;
			buildPhases = (
				62F82BBC65D092B98414F47D /* [CP] Check Pods Manifest.lock */,
				34098A0A28700EB400548CB9 /* Sources */,
				34098A0B28700EB400548CB9 /* Frameworks */,
				34098A0C28700EB400548CB9 /* Resources */,
				67D9D3405832B159AB997576 /* [CP] Embed Pods Frameworks */,
			);
			buildRules = (
			);
			dependencies = (
				34098A1028700EB400548CB9 /* PBXTargetDependency */,
			);
			name = "codepath@ucsbUITests";
			productName = "codepath@ucsbUITests";
			productReference = 34098A0E28700EB400548CB9 /* codepath@ucsbUITests.xctest */;
			productType = "com.apple.product-type.bundle.ui-testing";
		};
/* End PBXNativeTarget section */

/* Begin PBXProject section */
		340989EC28700EB300548CB9 /* Project object */ = {
			isa = PBXProject;
			attributes = {
				BuildIndependentTargetsInParallel = 1;
				LastSwiftUpdateCheck = 1340;
				LastUpgradeCheck = 1340;
				TargetAttributes = {
					340989F328700EB300548CB9 = {
						CreatedOnToolsVersion = 13.4.1;
					};
					34098A0328700EB400548CB9 = {
						CreatedOnToolsVersion = 13.4.1;
						TestTargetID = 340989F328700EB300548CB9;
					};
					34098A0D28700EB400548CB9 = {
						CreatedOnToolsVersion = 13.4.1;
						TestTargetID = 340989F328700EB300548CB9;
					};
				};
			};
			buildConfigurationList = 340989EF28700EB300548CB9 /* Build configuration list for PBXProject "codepath@ucsb" */;
			compatibilityVersion = "Xcode 13.0";
			developmentRegion = en;
			hasScannedForEncodings = 0;
			knownRegions = (
				en,
				Base,
			);
			mainGroup = 340989EB28700EB300548CB9;
			productRefGroup = 340989F528700EB300548CB9 /* Products */;
			projectDirPath = "";
			projectRoot = "";
			targets = (
				340989F328700EB300548CB9 /* codepath@ucsb */,
				34098A0328700EB400548CB9 /* codepath@ucsbTests */,
				34098A0D28700EB400548CB9 /* codepath@ucsbUITests */,
			);
		};
/* End PBXProject section */

/* Begin PBXResourcesBuildPhase section */
		340989F228700EB300548CB9 /* Resources */ = {
			isa = PBXResourcesBuildPhase;
			buildActionMask = 2147483647;
			files = (
				340989FF28700EB400548CB9 /* Preview Assets.xcassets in Resources */,
				340989FC28700EB400548CB9 /* Assets.xcassets in Resources */,
			);
			runOnlyForDeploymentPostprocessing = 0;
		};
		34098A0228700EB400548CB9 /* Resources */ = {
			isa = PBXResourcesBuildPhase;
			buildActionMask = 2147483647;
			files = (
			);
			runOnlyForDeploymentPostprocessing = 0;
		};
		34098A0C28700EB400548CB9 /* Resources */ = {
			isa = PBXResourcesBuildPhase;
			buildActionMask = 2147483647;
			files = (
			);
			runOnlyForDeploymentPostprocessing = 0;
		};
/* End PBXResourcesBuildPhase section */

/* Begin PBXShellScriptBuildPhase section */
		62F82BBC65D092B98414F47D /* [CP] Check Pods Manifest.lock */ = {
			isa = PBXShellScriptBuildPhase;
			buildActionMask = 2147483647;
			files = (
			);
			inputFileListPaths = (
			);
			inputPaths = (
				"${PODS_PODFILE_DIR_PATH}/Podfile.lock",
				"${PODS_ROOT}/Manifest.lock",
			);
			name = "[CP] Check Pods Manifest.lock";
			outputFileListPaths = (
			);
			outputPaths = (
				"$(DERIVED_FILE_DIR)/Pods-codepath@ucsb-codepath@ucsbUITests-checkManifestLockResult.txt",
			);
			runOnlyForDeploymentPostprocessing = 0;
			shellPath = /bin/sh;
			shellScript = "diff \"${PODS_PODFILE_DIR_PATH}/Podfile.lock\" \"${PODS_ROOT}/Manifest.lock\" > /dev/null\nif [ $? != 0 ] ; then\n    # print error to STDERR\n    echo \"error: The sandbox is not in sync with the Podfile.lock. Run 'pod install' or update your CocoaPods installation.\" >&2\n    exit 1\nfi\n# This output is used by Xcode 'outputs' to avoid re-running this script phase.\necho \"SUCCESS\" > \"${SCRIPT_OUTPUT_FILE_0}\"\n";
			showEnvVarsInLog = 0;
		};
		67D9D3405832B159AB997576 /* [CP] Embed Pods Frameworks */ = {
			isa = PBXShellScriptBuildPhase;
			buildActionMask = 2147483647;
			files = (
			);
			inputFileListPaths = (
				"${PODS_ROOT}/Target Support Files/Pods-codepath@ucsb-codepath@ucsbUITests/Pods-codepath@ucsb-codepath@ucsbUITests-frameworks-${CONFIGURATION}-input-files.xcfilelist",
			);
			name = "[CP] Embed Pods Frameworks";
			outputFileListPaths = (
				"${PODS_ROOT}/Target Support Files/Pods-codepath@ucsb-codepath@ucsbUITests/Pods-codepath@ucsb-codepath@ucsbUITests-frameworks-${CONFIGURATION}-output-files.xcfilelist",
			);
			runOnlyForDeploymentPostprocessing = 0;
			shellPath = /bin/sh;
			shellScript = "\"${PODS_ROOT}/Target Support Files/Pods-codepath@ucsb-codepath@ucsbUITests/Pods-codepath@ucsb-codepath@ucsbUITests-frameworks.sh\"\n";
			showEnvVarsInLog = 0;
		};
		B1E1F1C61F38DC328326C300 /* [CP] Embed Pods Frameworks */ = {
			isa = PBXShellScriptBuildPhase;
			buildActionMask = 2147483647;
			files = (
			);
			inputFileListPaths = (
				"${PODS_ROOT}/Target Support Files/Pods-codepath@ucsb/Pods-codepath@ucsb-frameworks-${CONFIGURATION}-input-files.xcfilelist",
			);
			name = "[CP] Embed Pods Frameworks";
			outputFileListPaths = (
				"${PODS_ROOT}/Target Support Files/Pods-codepath@ucsb/Pods-codepath@ucsb-frameworks-${CONFIGURATION}-output-files.xcfilelist",
			);
			runOnlyForDeploymentPostprocessing = 0;
			shellPath = /bin/sh;
			shellScript = "\"${PODS_ROOT}/Target Support Files/Pods-codepath@ucsb/Pods-codepath@ucsb-frameworks.sh\"\n";
			showEnvVarsInLog = 0;
		};
		BC5A6C2D00E130B21DA4A202 /* [CP] Check Pods Manifest.lock */ = {
			isa = PBXShellScriptBuildPhase;
			buildActionMask = 2147483647;
			files = (
			);
			inputFileListPaths = (
			);
			inputPaths = (
				"${PODS_PODFILE_DIR_PATH}/Podfile.lock",
				"${PODS_ROOT}/Manifest.lock",
			);
			name = "[CP] Check Pods Manifest.lock";
			outputFileListPaths = (
			);
			outputPaths = (
				"$(DERIVED_FILE_DIR)/Pods-codepath@ucsb-checkManifestLockResult.txt",
			);
			runOnlyForDeploymentPostprocessing = 0;
			shellPath = /bin/sh;
			shellScript = "diff \"${PODS_PODFILE_DIR_PATH}/Podfile.lock\" \"${PODS_ROOT}/Manifest.lock\" > /dev/null\nif [ $? != 0 ] ; then\n    # print error to STDERR\n    echo \"error: The sandbox is not in sync with the Podfile.lock. Run 'pod install' or update your CocoaPods installation.\" >&2\n    exit 1\nfi\n# This output is used by Xcode 'outputs' to avoid re-running this script phase.\necho \"SUCCESS\" > \"${SCRIPT_OUTPUT_FILE_0}\"\n";
			showEnvVarsInLog = 0;
		};
		C7B58BAD464043DD95669FFC /* [CP] Check Pods Manifest.lock */ = {
			isa = PBXShellScriptBuildPhase;
			buildActionMask = 2147483647;
			files = (
			);
			inputFileListPaths = (
			);
			inputPaths = (
				"${PODS_PODFILE_DIR_PATH}/Podfile.lock",
				"${PODS_ROOT}/Manifest.lock",
			);
			name = "[CP] Check Pods Manifest.lock";
			outputFileListPaths = (
			);
			outputPaths = (
				"$(DERIVED_FILE_DIR)/Pods-codepath@ucsbTests-checkManifestLockResult.txt",
			);
			runOnlyForDeploymentPostprocessing = 0;
			shellPath = /bin/sh;
			shellScript = "diff \"${PODS_PODFILE_DIR_PATH}/Podfile.lock\" \"${PODS_ROOT}/Manifest.lock\" > /dev/null\nif [ $? != 0 ] ; then\n    # print error to STDERR\n    echo \"error: The sandbox is not in sync with the Podfile.lock. Run 'pod install' or update your CocoaPods installation.\" >&2\n    exit 1\nfi\n# This output is used by Xcode 'outputs' to avoid re-running this script phase.\necho \"SUCCESS\" > \"${SCRIPT_OUTPUT_FILE_0}\"\n";
			showEnvVarsInLog = 0;
		};
/* End PBXShellScriptBuildPhase section */

/* Begin PBXSourcesBuildPhase section */
		340989F028700EB300548CB9 /* Sources */ = {
			isa = PBXSourcesBuildPhase;
			buildActionMask = 2147483647;
			files = (
				34098A2928702CBC00548CB9 /* About.swift in Sources */,
				340989FA28700EB300548CB9 /* ContentView.swift in Sources */,
				34098A272870207C00548CB9 /* Nav.swift in Sources */,
				34098A2B28702D9D00548CB9 /* Resources.swift in Sources */,
				34098A25287011FE00548CB9 /* Home.swift in Sources */,
				340989F828700EB300548CB9 /* codepath_ucsbApp.swift in Sources */,
			);
			runOnlyForDeploymentPostprocessing = 0;
		};
		34098A0028700EB400548CB9 /* Sources */ = {
			isa = PBXSourcesBuildPhase;
			buildActionMask = 2147483647;
			files = (
				34098A0928700EB400548CB9 /* codepath_ucsbTests.swift in Sources */,
			);
			runOnlyForDeploymentPostprocessing = 0;
		};
		34098A0A28700EB400548CB9 /* Sources */ = {
			isa = PBXSourcesBuildPhase;
			buildActionMask = 2147483647;
			files = (
				34098A1328700EB400548CB9 /* codepath_ucsbUITests.swift in Sources */,
				34098A1528700EB400548CB9 /* codepath_ucsbUITestsLaunchTests.swift in Sources */,
			);
			runOnlyForDeploymentPostprocessing = 0;
		};
/* End PBXSourcesBuildPhase section */

/* Begin PBXTargetDependency section */
		34098A0628700EB400548CB9 /* PBXTargetDependency */ = {
			isa = PBXTargetDependency;
			target = 340989F328700EB300548CB9 /* codepath@ucsb */;
			targetProxy = 34098A0528700EB400548CB9 /* PBXContainerItemProxy */;
		};
		34098A1028700EB400548CB9 /* PBXTargetDependency */ = {
			isa = PBXTargetDependency;
			target = 340989F328700EB300548CB9 /* codepath@ucsb */;
			targetProxy = 34098A0F28700EB400548CB9 /* PBXContainerItemProxy */;
		};
/* End PBXTargetDependency section */

/* Begin XCBuildConfiguration section */
		34098A1628700EB400548CB9 /* Debug */ = {
			isa = XCBuildConfiguration;
			buildSettings = {
				ALWAYS_SEARCH_USER_PATHS = NO;
				CLANG_ANALYZER_NONNULL = YES;
				CLANG_ANALYZER_NUMBER_OBJECT_CONVERSION = YES_AGGRESSIVE;
				CLANG_CXX_LANGUAGE_STANDARD = "gnu++17";
				CLANG_ENABLE_MODULES = YES;
				CLANG_ENABLE_OBJC_ARC = YES;
				CLANG_ENABLE_OBJC_WEAK = YES;
				CLANG_WARN_BLOCK_CAPTURE_AUTORELEASING = YES;
				CLANG_WARN_BOOL_CONVERSION = YES;
				CLANG_WARN_COMMA = YES;
				CLANG_WARN_CONSTANT_CONVERSION = YES;
				CLANG_WARN_DEPRECATED_OBJC_IMPLEMENTATIONS = YES;
				CLANG_WARN_DIRECT_OBJC_ISA_USAGE = YES_ERROR;
				CLANG_WARN_DOCUMENTATION_COMMENTS = YES;
				CLANG_WARN_EMPTY_BODY = YES;
				CLANG_WARN_ENUM_CONVERSION = YES;
				CLANG_WARN_INFINITE_RECURSION = YES;
				CLANG_WARN_INT_CONVERSION = YES;
				CLANG_WARN_NON_LITERAL_NULL_CONVERSION = YES;
				CLANG_WARN_OBJC_IMPLICIT_RETAIN_SELF = YES;
				CLANG_WARN_OBJC_LITERAL_CONVERSION = YES;
				CLANG_WARN_OBJC_ROOT_CLASS = YES_ERROR;
				CLANG_WARN_QUOTED_INCLUDE_IN_FRAMEWORK_HEADER = YES;
				CLANG_WARN_RANGE_LOOP_ANALYSIS = YES;
				CLANG_WARN_STRICT_PROTOTYPES = YES;
				CLANG_WARN_SUSPICIOUS_MOVE = YES;
				CLANG_WARN_UNGUARDED_AVAILABILITY = YES_AGGRESSIVE;
				CLANG_WARN_UNREACHABLE_CODE = YES;
				CLANG_WARN__DUPLICATE_METHOD_MATCH = YES;
				COPY_PHASE_STRIP = NO;
				DEBUG_INFORMATION_FORMAT = dwarf;
				ENABLE_STRICT_OBJC_MSGSEND = YES;
				ENABLE_TESTABILITY = YES;
				GCC_C_LANGUAGE_STANDARD = gnu11;
				GCC_DYNAMIC_NO_PIC = NO;
				GCC_NO_COMMON_BLOCKS = YES;
				GCC_OPTIMIZATION_LEVEL = 0;
				GCC_PREPROCESSOR_DEFINITIONS = (
					"DEBUG=1",
					"$(inherited)",
				);
				GCC_WARN_64_TO_32_BIT_CONVERSION = YES;
				GCC_WARN_ABOUT_RETURN_TYPE = YES_ERROR;
				GCC_WARN_UNDECLARED_SELECTOR = YES;
				GCC_WARN_UNINITIALIZED_AUTOS = YES_AGGRESSIVE;
				GCC_WARN_UNUSED_FUNCTION = YES;
				GCC_WARN_UNUSED_VARIABLE = YES;
				IPHONEOS_DEPLOYMENT_TARGET = 15.5;
				MTL_ENABLE_DEBUG_INFO = INCLUDE_SOURCE;
				MTL_FAST_MATH = YES;
				ONLY_ACTIVE_ARCH = YES;
				SDKROOT = iphoneos;
				SWIFT_ACTIVE_COMPILATION_CONDITIONS = DEBUG;
				SWIFT_OPTIMIZATION_LEVEL = "-Onone";
			};
			name = Debug;
		};
		34098A1728700EB400548CB9 /* Release */ = {
			isa = XCBuildConfiguration;
			buildSettings = {
				ALWAYS_SEARCH_USER_PATHS = NO;
				CLANG_ANALYZER_NONNULL = YES;
				CLANG_ANALYZER_NUMBER_OBJECT_CONVERSION = YES_AGGRESSIVE;
				CLANG_CXX_LANGUAGE_STANDARD = "gnu++17";
				CLANG_ENABLE_MODULES = YES;
				CLANG_ENABLE_OBJC_ARC = YES;
				CLANG_ENABLE_OBJC_WEAK = YES;
				CLANG_WARN_BLOCK_CAPTURE_AUTORELEASING = YES;
				CLANG_WARN_BOOL_CONVERSION = YES;
				CLANG_WARN_COMMA = YES;
				CLANG_WARN_CONSTANT_CONVERSION = YES;
				CLANG_WARN_DEPRECATED_OBJC_IMPLEMENTATIONS = YES;
				CLANG_WARN_DIRECT_OBJC_ISA_USAGE = YES_ERROR;
				CLANG_WARN_DOCUMENTATION_COMMENTS = YES;
				CLANG_WARN_EMPTY_BODY = YES;
				CLANG_WARN_ENUM_CONVERSION = YES;
				CLANG_WARN_INFINITE_RECURSION = YES;
				CLANG_WARN_INT_CONVERSION = YES;
				CLANG_WARN_NON_LITERAL_NULL_CONVERSION = YES;
				CLANG_WARN_OBJC_IMPLICIT_RETAIN_SELF = YES;
				CLANG_WARN_OBJC_LITERAL_CONVERSION = YES;
				CLANG_WARN_OBJC_ROOT_CLASS = YES_ERROR;
				CLANG_WARN_QUOTED_INCLUDE_IN_FRAMEWORK_HEADER = YES;
				CLANG_WARN_RANGE_LOOP_ANALYSIS = YES;
				CLANG_WARN_STRICT_PROTOTYPES = YES;
				CLANG_WARN_SUSPICIOUS_MOVE = YES;
				CLANG_WARN_UNGUARDED_AVAILABILITY = YES_AGGRESSIVE;
				CLANG_WARN_UNREACHABLE_CODE = YES;
				CLANG_WARN__DUPLICATE_METHOD_MATCH = YES;
				COPY_PHASE_STRIP = NO;
				DEBUG_INFORMATION_FORMAT = "dwarf-with-dsym";
				ENABLE_NS_ASSERTIONS = NO;
				ENABLE_STRICT_OBJC_MSGSEND = YES;
				GCC_C_LANGUAGE_STANDARD = gnu11;
				GCC_NO_COMMON_BLOCKS = YES;
				GCC_WARN_64_TO_32_BIT_CONVERSION = YES;
				GCC_WARN_ABOUT_RETURN_TYPE = YES_ERROR;
				GCC_WARN_UNDECLARED_SELECTOR = YES;
				GCC_WARN_UNINITIALIZED_AUTOS = YES_AGGRESSIVE;
				GCC_WARN_UNUSED_FUNCTION = YES;
				GCC_WARN_UNUSED_VARIABLE = YES;
				IPHONEOS_DEPLOYMENT_TARGET = 15.5;
				MTL_ENABLE_DEBUG_INFO = NO;
				MTL_FAST_MATH = YES;
				SDKROOT = iphoneos;
				SWIFT_COMPILATION_MODE = wholemodule;
				SWIFT_OPTIMIZATION_LEVEL = "-O";
				VALIDATE_PRODUCT = YES;
			};
			name = Release;
		};
		34098A1928700EB400548CB9 /* Debug */ = {
			isa = XCBuildConfiguration;
			baseConfigurationReference = 63EE73D66BBE231A69BB501E /* Pods-codepath@ucsb.debug.xcconfig */;
			buildSettings = {
				ASSETCATALOG_COMPILER_APPICON_NAME = AppIcon;
				ASSETCATALOG_COMPILER_GLOBAL_ACCENT_COLOR_NAME = AccentColor;
				CODE_SIGN_STYLE = Automatic;
				CURRENT_PROJECT_VERSION = 1;
				DEVELOPMENT_ASSET_PATHS = "\"codepath@ucsb/Preview Content\"";
				DEVELOPMENT_TEAM = L33J4YU2V8;
				ENABLE_PREVIEWS = YES;
				GENERATE_INFOPLIST_FILE = YES;
				INFOPLIST_KEY_UIApplicationSceneManifest_Generation = YES;
				INFOPLIST_KEY_UIApplicationSupportsIndirectInputEvents = YES;
				INFOPLIST_KEY_UILaunchScreen_Generation = YES;
				INFOPLIST_KEY_UISupportedInterfaceOrientations_iPad = "UIInterfaceOrientationPortrait UIInterfaceOrientationPortraitUpsideDown UIInterfaceOrientationLandscapeLeft UIInterfaceOrientationLandscapeRight";
				INFOPLIST_KEY_UISupportedInterfaceOrientations_iPhone = "UIInterfaceOrientationPortrait UIInterfaceOrientationLandscapeLeft UIInterfaceOrientationLandscapeRight";
				LD_RUNPATH_SEARCH_PATHS = (
					"$(inherited)",
					"@executable_path/Frameworks",
				);
				MARKETING_VERSION = 1.0;
				PRODUCT_BUNDLE_IDENTIFIER = "luisbravo.codepath-ucsb";
				PRODUCT_NAME = "$(TARGET_NAME)";
				SWIFT_EMIT_LOC_STRINGS = YES;
				SWIFT_VERSION = 5.0;
				TARGETED_DEVICE_FAMILY = "1,2";
			};
			name = Debug;
		};
		34098A1A28700EB400548CB9 /* Release */ = {
			isa = XCBuildConfiguration;
			baseConfigurationReference = 841E911E03665ECC98BF77D3 /* Pods-codepath@ucsb.release.xcconfig */;
			buildSettings = {
				ASSETCATALOG_COMPILER_APPICON_NAME = AppIcon;
				ASSETCATALOG_COMPILER_GLOBAL_ACCENT_COLOR_NAME = AccentColor;
				CODE_SIGN_STYLE = Automatic;
				CURRENT_PROJECT_VERSION = 1;
				DEVELOPMENT_ASSET_PATHS = "\"codepath@ucsb/Preview Content\"";
				DEVELOPMENT_TEAM = L33J4YU2V8;
				ENABLE_PREVIEWS = YES;
				GENERATE_INFOPLIST_FILE = YES;
				INFOPLIST_KEY_UIApplicationSceneManifest_Generation = YES;
				INFOPLIST_KEY_UIApplicationSupportsIndirectInputEvents = YES;
				INFOPLIST_KEY_UILaunchScreen_Generation = YES;
				INFOPLIST_KEY_UISupportedInterfaceOrientations_iPad = "UIInterfaceOrientationPortrait UIInterfaceOrientationPortraitUpsideDown UIInterfaceOrientationLandscapeLeft UIInterfaceOrientationLandscapeRight";
				INFOPLIST_KEY_UISupportedInterfaceOrientations_iPhone = "UIInterfaceOrientationPortrait UIInterfaceOrientationLandscapeLeft UIInterfaceOrientationLandscapeRight";
				LD_RUNPATH_SEARCH_PATHS = (
					"$(inherited)",
					"@executable_path/Frameworks",
				);
				MARKETING_VERSION = 1.0;
				PRODUCT_BUNDLE_IDENTIFIER = "luisbravo.codepath-ucsb";
				PRODUCT_NAME = "$(TARGET_NAME)";
				SWIFT_EMIT_LOC_STRINGS = YES;
				SWIFT_VERSION = 5.0;
				TARGETED_DEVICE_FAMILY = "1,2";
			};
			name = Release;
		};
		34098A1C28700EB400548CB9 /* Debug */ = {
			isa = XCBuildConfiguration;
			baseConfigurationReference = DC72F8888AE6ED0BCCD173AF /* Pods-codepath@ucsbTests.debug.xcconfig */;
			buildSettings = {
				ALWAYS_EMBED_SWIFT_STANDARD_LIBRARIES = YES;
				BUNDLE_LOADER = "$(TEST_HOST)";
				CODE_SIGN_STYLE = Automatic;
				CURRENT_PROJECT_VERSION = 1;
				DEVELOPMENT_TEAM = L33J4YU2V8;
				GENERATE_INFOPLIST_FILE = YES;
				IPHONEOS_DEPLOYMENT_TARGET = 15.5;
				MARKETING_VERSION = 1.0;
				PRODUCT_BUNDLE_IDENTIFIER = "luisbravo.codepath-ucsbTests";
				PRODUCT_NAME = "$(TARGET_NAME)";
				SWIFT_EMIT_LOC_STRINGS = NO;
				SWIFT_VERSION = 5.0;
				TARGETED_DEVICE_FAMILY = "1,2";
				TEST_HOST = "$(BUILT_PRODUCTS_DIR)/codepath@ucsb.app/codepath@ucsb";
			};
			name = Debug;
		};
		34098A1D28700EB400548CB9 /* Release */ = {
			isa = XCBuildConfiguration;
			baseConfigurationReference = 899ABBFFD8549F2E23E6A1E9 /* Pods-codepath@ucsbTests.release.xcconfig */;
			buildSettings = {
				ALWAYS_EMBED_SWIFT_STANDARD_LIBRARIES = YES;
				BUNDLE_LOADER = "$(TEST_HOST)";
				CODE_SIGN_STYLE = Automatic;
				CURRENT_PROJECT_VERSION = 1;
				DEVELOPMENT_TEAM = L33J4YU2V8;
				GENERATE_INFOPLIST_FILE = YES;
				IPHONEOS_DEPLOYMENT_TARGET = 15.5;
				MARKETING_VERSION = 1.0;
				PRODUCT_BUNDLE_IDENTIFIER = "luisbravo.codepath-ucsbTests";
				PRODUCT_NAME = "$(TARGET_NAME)";
				SWIFT_EMIT_LOC_STRINGS = NO;
				SWIFT_VERSION = 5.0;
				TARGETED_DEVICE_FAMILY = "1,2";
				TEST_HOST = "$(BUILT_PRODUCTS_DIR)/codepath@ucsb.app/codepath@ucsb";
			};
			name = Release;
		};
		34098A1F28700EB400548CB9 /* Debug */ = {
			isa = XCBuildConfiguration;
			baseConfigurationReference = 212A5164246A072ACF13BC4B /* Pods-codepath@ucsb-codepath@ucsbUITests.debug.xcconfig */;
			buildSettings = {
				ALWAYS_EMBED_SWIFT_STANDARD_LIBRARIES = YES;
				CODE_SIGN_STYLE = Automatic;
				CURRENT_PROJECT_VERSION = 1;
				DEVELOPMENT_TEAM = L33J4YU2V8;
				GENERATE_INFOPLIST_FILE = YES;
				MARKETING_VERSION = 1.0;
				PRODUCT_BUNDLE_IDENTIFIER = "luisbravo.codepath-ucsbUITests";
				PRODUCT_NAME = "$(TARGET_NAME)";
				SWIFT_EMIT_LOC_STRINGS = NO;
				SWIFT_VERSION = 5.0;
				TARGETED_DEVICE_FAMILY = "1,2";
				TEST_TARGET_NAME = "codepath@ucsb";
			};
			name = Debug;
		};
		34098A2028700EB400548CB9 /* Release */ = {
			isa = XCBuildConfiguration;
			baseConfigurationReference = DC2B9069771B113F5527A46D /* Pods-codepath@ucsb-codepath@ucsbUITests.release.xcconfig */;
			buildSettings = {
				ALWAYS_EMBED_SWIFT_STANDARD_LIBRARIES = YES;
				CODE_SIGN_STYLE = Automatic;
				CURRENT_PROJECT_VERSION = 1;
				DEVELOPMENT_TEAM = L33J4YU2V8;
				GENERATE_INFOPLIST_FILE = YES;
				MARKETING_VERSION = 1.0;
				PRODUCT_BUNDLE_IDENTIFIER = "luisbravo.codepath-ucsbUITests";
				PRODUCT_NAME = "$(TARGET_NAME)";
				SWIFT_EMIT_LOC_STRINGS = NO;
				SWIFT_VERSION = 5.0;
				TARGETED_DEVICE_FAMILY = "1,2";
				TEST_TARGET_NAME = "codepath@ucsb";
			};
			name = Release;
		};
/* End XCBuildConfiguration section */

/* Begin XCConfigurationList section */
		340989EF28700EB300548CB9 /* Build configuration list for PBXProject "codepath@ucsb" */ = {
			isa = XCConfigurationList;
			buildConfigurations = (
				34098A1628700EB400548CB9 /* Debug */,
				34098A1728700EB400548CB9 /* Release */,
			);
			defaultConfigurationIsVisible = 0;
			defaultConfigurationName = Release;
		};
		34098A1828700EB400548CB9 /* Build configuration list for PBXNativeTarget "codepath@ucsb" */ = {
			isa = XCConfigurationList;
			buildConfigurations = (
				34098A1928700EB400548CB9 /* Debug */,
				34098A1A28700EB400548CB9 /* Release */,
			);
			defaultConfigurationIsVisible = 0;
			defaultConfigurationName = Release;
		};
		34098A1B28700EB400548CB9 /* Build configuration list for PBXNativeTarget "codepath@ucsbTests" */ = {
			isa = XCConfigurationList;
			buildConfigurations = (
				34098A1C28700EB400548CB9 /* Debug */,
				34098A1D28700EB400548CB9 /* Release */,
			);
			defaultConfigurationIsVisible = 0;
			defaultConfigurationName = Release;
		};
		34098A1E28700EB400548CB9 /* Build configuration list for PBXNativeTarget "codepath@ucsbUITests" */ = {
			isa = XCConfigurationList;
			buildConfigurations = (
				34098A1F28700EB400548CB9 /* Debug */,
				34098A2028700EB400548CB9 /* Release */,
			);
			defaultConfigurationIsVisible = 0;
			defaultConfigurationName = Release;
		};
/* End XCConfigurationList section */
	};
	rootObject = 340989EC28700EB300548CB9 /* Project object */;
}
